
Microsoft Visual Studio Solution File, Format Version 12.00
# Visual Studio Version 17
VisualStudioVersion = 17.0.31903.59
MinimumVisualStudioVersion = 10.0.40219.1
Project("{2150E333-8FDC-42A3-9474-1A3956D46DE8}") = "src", "src", "{827E0CD3-B72D-47B6-A68D-7590B98EB39B}"
EndProject
Project("{FAE04EC0-301F-11D3-BF4B-00C04F79EFBC}") = "TravelBilling.Domain", "src\TravelBilling.Domain\TravelBilling.Domain.csproj", "{C02566D9-1190-4FC6-9B39-D8BDDA245A4E}"
EndProject
Project("{FAE04EC0-301F-11D3-BF4B-00C04F79EFBC}") = "TravelBilling.Application", "src\TravelBilling.Application\TravelBilling.Application.csproj", "{AFA4DE10-4850-47CA-9631-5F7777C2E905}"
EndProject
Project("{FAE04EC0-301F-11D3-BF4B-00C04F79EFBC}") = "TravelBilling.Infrastructure", "src\TravelBilling.Infrastructure\TravelBilling.Infrastructure.csproj", "{37B21EF3-13AF-4270-9F25-143FFC5F18F9}"
EndProject
Project("{FAE04EC0-301F-11D3-BF4B-00C04F79EFBC}") = "TravelBilling.Api", "src\TravelBilling.Api\TravelBilling.Api.csproj", "{1FB7F41D-C7A5-4F45-AA83-DEA4CE4AAC0D}"
EndProject
Project("{FAE04EC0-301F-11D3-BF4B-00C04F79EFBC}") = "TravelBilling.Domain.Tests", "tests\TravelBilling.Domain.Tests\TravelBilling.Domain.Tests.csproj", "{DBAD28C7-EA94-450C-8E9F-D4E11D879B63}"
EndProject
Global
	GlobalSection(SolutionConfigurationPlatforms) = preSolution
		Debug|Any CPU = Debug|Any CPU
		Debug|x64 = Debug|x64
		Debug|x86 = Debug|x86
		Release|Any CPU = Release|Any CPU
		Release|x64 = Release|x64
		Release|x86 = Release|x86
	EndGlobalSection
	GlobalSection(ProjectConfigurationPlatforms) = postSolution
		{C02566D9-1190-4FC6-9B39-D8BDDA245A4E}.Debug|Any CPU.ActiveCfg = Debug|Any CPU
		{C02566D9-1190-4FC6-9B39-D8BDDA245A4E}.Debug|Any CPU.Build.0 = Debug|Any CPU
		{C02566D9-1190-4FC6-9B39-D8BDDA245A4E}.Debug|x64.ActiveCfg = Debug|Any CPU
		{C02566D9-1190-4FC6-9B39-D8BDDA245A4E}.Debug|x64.Build.0 = Debug|Any CPU
		{C02566D9-1190-4FC6-9B39-D8BDDA245A4E}.Debug|x86.ActiveCfg = Debug|Any CPU
		{C02566D9-1190-4FC6-9B39-D8BDDA245A4E}.Debug|x86.Build.0 = Debug|Any CPU
		{C02566D9-1190-4FC6-9B39-D8BDDA245A4E}.Release|Any CPU.ActiveCfg = Release|Any CPU
		{C02566D9-1190-4FC6-9B39-D8BDDA245A4E}.Release|Any CPU.Build.0 = Release|Any CPU
		{C02566D9-1190-4FC6-9B39-D8BDDA245A4E}.Release|x64.ActiveCfg = Release|Any CPU
		{C02566D9-1190-4FC6-9B39-D8BDDA245A4E}.Release|x64.Build.0 = Release|Any CPU
		{C02566D9-1190-4FC6-9B39-D8BDDA245A4E}.Release|x86.ActiveCfg = Release|Any CPU
		{C02566D9-1190-4FC6-9B39-D8BDDA245A4E}.Release|x86.Build.0 = Release|Any CPU
		{AFA4DE10-4850-47CA-9631-5F7777C2E905}.Debug|Any CPU.ActiveCfg = Debug|Any CPU
		{AFA4DE10-4850-47CA-9631-5F7777C2E905}.Debug|Any CPU.Build.0 = Debug|Any CPU
		{AFA4DE10-4850-47CA-9631-5F7777C2E905}.Debug|x64.ActiveCfg = Debug|Any CPU
		{AFA4DE10-4850-47CA-9631-5F7777C2E905}.Debug|x64.Build.0 = Debug|Any CPU
		{AFA4DE10-4850-47CA-9631-5F7777C2E905}.Debug|x86.ActiveCfg = Debug|Any CPU
		{AFA4DE10-4850-47CA-9631-5F7777C2E905}.Debug|x86.Build.0 = Debug|Any CPU
		{AFA4DE10-4850-47CA-9631-5F7777C2E905}.Release|Any CPU.ActiveCfg = Release|Any CPU
		{AFA4DE10-4850-47CA-9631-5F7777C2E905}.Release|Any CPU.Build.0 = Release|Any CPU
		{AFA4DE10-4850-47CA-9631-5F7777C2E905}.Release|x64.ActiveCfg = Release|Any CPU
		{AFA4DE10-4850-47CA-9631-5F7777C2E905}.Release|x64.Build.0 = Release|Any CPU
		{AFA4DE10-4850-47CA-9631-5F7777C2E905}.Release|x86.ActiveCfg = Release|Any CPU
		{AFA4DE10-4850-47CA-9631-5F7777C2E905}.Release|x86.Build.0 = Release|Any CPU
		{37B21EF3-13AF-4270-9F25-143FFC5F18F9}.Debug|Any CPU.ActiveCfg = Debug|Any CPU
		{37B21EF3-13AF-4270-9F25-143FFC5F18F9}.Debug|Any CPU.Build.0 = Debug|Any CPU
		{37B21EF3-13AF-4270-9F25-143FFC5F18F9}.Debug|x64.ActiveCfg = Debug|Any CPU
		{37B21EF3-13AF-4270-9F25-143FFC5F18F9}.Debug|x64.Build.0 = Debug|Any CPU
		{37B21EF3-13AF-4270-9F25-143FFC5F18F9}.Debug|x86.ActiveCfg = Debug|Any CPU
		{37B21EF3-13AF-4270-9F25-143FFC5F18F9}.Debug|x86.Build.0 = Debug|Any CPU
		{37B21EF3-13AF-4270-9F25-143FFC5F18F9}.Release|Any CPU.ActiveCfg = Release|Any CPU
		{37B21EF3-13AF-4270-9F25-143FFC5F18F9}.Release|Any CPU.Build.0 = Release|Any CPU
		{37B21EF3-13AF-4270-9F25-143FFC5F18F9}.Release|x64.ActiveCfg = Release|Any CPU
		{37B21EF3-13AF-4270-9F25-143FFC5F18F9}.Release|x64.Build.0 = Release|Any CPU
		{37B21EF3-13AF-4270-9F25-143FFC5F18F9}.Release|x86.ActiveCfg = Release|Any CPU
		{37B21EF3-13AF-4270-9F25-143FFC5F18F9}.Release|x86.Build.0 = Release|Any CPU
		{1FB7F41D-C7A5-4F45-AA83-DEA4CE4AAC0D}.Debug|Any CPU.ActiveCfg = Debug|Any CPU
		{1FB7F41D-C7A5-4F45-AA83-DEA4CE4AAC0D}.Debug|Any CPU.Build.0 = Debug|Any CPU
		{1FB7F41D-C7A5-4F45-AA83-DEA4CE4AAC0D}.Debug|x64.ActiveCfg = Debug|Any CPU
		{1FB7F41D-C7A5-4F45-AA83-DEA4CE4AAC0D}.Debug|x64.Build.0 = Debug|Any CPU
		{1FB7F41D-C7A5-4F45-AA83-DEA4CE4AAC0D}.Debug|x86.ActiveCfg = Debug|Any CPU
		{1FB7F41D-C7A5-4F45-AA83-DEA4CE4AAC0D}.Debug|x86.Build.0 = Debug|Any CPU
		{1FB7F41D-C7A5-4F45-AA83-DEA4CE4AAC0D}.Release|Any CPU.ActiveCfg = Release|Any CPU
		{1FB7F41D-C7A5-4F45-AA83-DEA4CE4AAC0D}.Release|Any CPU.Build.0 = Release|Any CPU
		{1FB7F41D-C7A5-4F45-AA83-DEA4CE4AAC0D}.Release|x64.ActiveCfg = Release|Any CPU
		{1FB7F41D-C7A5-4F45-AA83-DEA4CE4AAC0D}.Release|x64.Build.0 = Release|Any CPU
		{1FB7F41D-C7A5-4F45-AA83-DEA4CE4AAC0D}.Release|x86.ActiveCfg = Release|Any CPU
		{1FB7F41D-C7A5-4F45-AA83-DEA4CE4AAC0D}.Release|x86.Build.0 = Release|Any CPU
		{DBAD28C7-EA94-450C-8E9F-D4E11D879B63}.Debug|Any CPU.ActiveCfg = Debug|Any CPU
		{DBAD28C7-EA94-450C-8E9F-D4E11D879B63}.Debug|Any CPU.Build.0 = Debug|Any CPU
		{DBAD28C7-EA94-450C-8E9F-D4E11D879B63}.Debug|x64.ActiveCfg = Debug|Any CPU
		{DBAD28C7-EA94-450C-8E9F-D4E11D879B63}.Debug|x64.Build.0 = Debug|Any CPU
		{DBAD28C7-EA94-450C-8E9F-D4E11D879B63}.Debug|x86.ActiveCfg = Debug|Any CPU
		{DBAD28C7-EA94-450C-8E9F-D4E11D879B63}.Debug|x86.Build.0 = Debug|Any CPU
		{DBAD28C7-EA94-450C-8E9F-D4E11D879B63}.Release|Any CPU.ActiveCfg = Release|Any CPU
		{DBAD28C7-EA94-450C-8E9F-D4E11D879B63}.Release|Any CPU.Build.0 = Release|Any CPU
		{DBAD28C7-EA94-450C-8E9F-D4E11D879B63}.Release|x64.ActiveCfg = Release|Any CPU
		{DBAD28C7-EA94-450C-8E9F-D4E11D879B63}.Release|x64.Build.0 = Release|Any CPU
		{DBAD28C7-EA94-450C-8E9F-D4E11D879B63}.Release|x86.ActiveCfg = Release|Any CPU
		{DBAD28C7-EA94-450C-8E9F-D4E11D879B63}.Release|x86.Build.0 = Release|Any CPU
	EndGlobalSection
	GlobalSection(SolutionProperties) = preSolution
		HideSolutionNode = FALSE
	EndGlobalSection
	GlobalSection(NestedProjects) = preSolution
		{C02566D9-1190-4FC6-9B39-D8BDDA245A4E} = {827E0CD3-B72D-47B6-A68D-7590B98EB39B}
		{AFA4DE10-4850-47CA-9631-5F7777C2E905} = {827E0CD3-B72D-47B6-A68D-7590B98EB39B}
		{37B21EF3-13AF-4270-9F25-143FFC5F18F9} = {827E0CD3-B72D-47B6-A68D-7590B98EB39B}
		{1FB7F41D-C7A5-4F45-AA83-DEA4CE4AAC0D} = {827E0CD3-B72D-47B6-A68D-7590B98EB39B}
		{DBAD28C7-EA94-450C-8E9F-D4E11D879B63} = {827E0CD3-B72D-47B6-A68D-7590B98EB39B}
	EndGlobalSection
EndGlobal
